// !$*UTF8*$!
{
	archiveVersion = 1;
	classes = {
	};
	objectVersion = 48;
	objects = {

/* Begin PBXBuildFile section */
		CD0E6A882196638F0083171A /* AppDelegate.swift in Sources */ = {isa = PBXBuildFile; fileRef = CD0E6A872196638F0083171A /* AppDelegate.swift */; };
		CD0E6A8A219663900083171A /* ViewController.swift in Sources */ = {isa = PBXBuildFile; fileRef = CD0E6A89219663900083171A /* ViewController.swift */; };
		CD0E6A8D219663900083171A /* Main.storyboard in Resources */ = {isa = PBXBuildFile; fileRef = CD0E6A8B219663900083171A /* Main.storyboard */; };
		CD0E6A8F219663900083171A /* Assets.xcassets in Resources */ = {isa = PBXBuildFile; fileRef = CD0E6A8E219663900083171A /* Assets.xcassets */; };
		CD0E6A92219663900083171A /* LaunchScreen.storyboard in Resources */ = {isa = PBXBuildFile; fileRef = CD0E6A90219663900083171A /* LaunchScreen.storyboard */; };
		CD0E6A9D2197638D0083171A /* Table5.png in Resources */ = {isa = PBXBuildFile; fileRef = CD0E6A9C2197638D0083171A /* Table5.png */; };
		CD0E6AF5219772A20083171A /* myTableViewCell.swift in Sources */ = {isa = PBXBuildFile; fileRef = CD0E6AF4219772A20083171A /* myTableViewCell.swift */; };
		CDE87B012198D3690056773B /* Num4.png in Resources */ = {isa = PBXBuildFile; fileRef = CDE87AD62198D3620056773B /* Num4.png */; };
		CDE87B022198D3690056773B /* RedBkg.png in Resources */ = {isa = PBXBuildFile; fileRef = CDE87AD72198D3620056773B /* RedBkg.png */; };
		CDE87B032198D3690056773B /* Num23.png in Resources */ = {isa = PBXBuildFile; fileRef = CDE87AD82198D3620056773B /* Num23.png */; };
		CDE87B042198D3690056773B /* Num32.png in Resources */ = {isa = PBXBuildFile; fileRef = CDE87AD92198D3630056773B /* Num32.png */; };
		CDE87B052198D3690056773B /* Cross.png in Resources */ = {isa = PBXBuildFile; fileRef = CDE87ADA2198D3630056773B /* Cross.png */; };
		CDE87B062198D3690056773B /* Num8.png in Resources */ = {isa = PBXBuildFile; fileRef = CDE87ADB2198D3630056773B /* Num8.png */; };
		CDE87B072198D3690056773B /* Num16.png in Resources */ = {isa = PBXBuildFile; fileRef = CDE87ADC2198D3630056773B /* Num16.png */; };
		CDE87B082198D3690056773B /* Num20.png in Resources */ = {isa = PBXBuildFile; fileRef = CDE87ADD2198D3630056773B /* Num20.png */; };
		CDE87B092198D3690056773B /* Num19.png in Resources */ = {isa = PBXBuildFile; fileRef = CDE87ADE2198D3630056773B /* Num19.png */; };
		CDE87B0A2198D3690056773B /* Num1.png in Resources */ = {isa = PBXBuildFile; fileRef = CDE87ADF2198D3630056773B /* Num1.png */; };
		CDE87B0B2198D3690056773B /* Num28.png in Resources */ = {isa = PBXBuildFile; fileRef = CDE87AE02198D3630056773B /* Num28.png */; };
		CDE87B0C2198D3690056773B /* Num35.png in Resources */ = {isa = PBXBuildFile; fileRef = CDE87AE12198D3630056773B /* Num35.png */; };
		CDE87B0D2198D3690056773B /* Num30.png in Resources */ = {isa = PBXBuildFile; fileRef = CDE87AE22198D3640056773B /* Num30.png */; };
		CDE87B0F2198D3690056773B /* Num25.png in Resources */ = {isa = PBXBuildFile; fileRef = CDE87AE42198D3640056773B /* Num25.png */; };
		CDE87B102198D3690056773B /* Num2.png in Resources */ = {isa = PBXBuildFile; fileRef = CDE87AE52198D3640056773B /* Num2.png */; };
		CDE87B112198D3690056773B /* Num14.png in Resources */ = {isa = PBXBuildFile; fileRef = CDE87AE62198D3640056773B /* Num14.png */; };
		CDE87B122198D3690056773B /* Num17.png in Resources */ = {isa = PBXBuildFile; fileRef = CDE87AE72198D3640056773B /* Num17.png */; };
		CDE87B132198D3690056773B /* Num31.png in Resources */ = {isa = PBXBuildFile; fileRef = CDE87AE82198D3640056773B /* Num31.png */; };
		CDE87B142198D3690056773B /* Num34.png in Resources */ = {isa = PBXBuildFile; fileRef = CDE87AE92198D3640056773B /* Num34.png */; };
		CDE87B152198D3690056773B /* Num10.png in Resources */ = {isa = PBXBuildFile; fileRef = CDE87AEA2198D3650056773B /* Num10.png */; };
		CDE87B162198D3690056773B /* Num111.png in Resources */ = {isa = PBXBuildFile; fileRef = CDE87AEB2198D3650056773B /* Num111.png */; };
		CDE87B172198D3690056773B /* Num12.png in Resources */ = {isa = PBXBuildFile; fileRef = CDE87AEC2198D3650056773B /* Num12.png */; };
		CDE87B192198D3690056773B /* Num22.png in Resources */ = {isa = PBXBuildFile; fileRef = CDE87AEE2198D3650056773B /* Num22.png */; };
		CDE87B1A2198D3690056773B /* Num36.png in Resources */ = {isa = PBXBuildFile; fileRef = CDE87AEF2198D3650056773B /* Num36.png */; };
		CDE87B1B2198D3690056773B /* Num7.png in Resources */ = {isa = PBXBuildFile; fileRef = CDE87AF02198D3660056773B /* Num7.png */; };
		CDE87B1C2198D3690056773B /* Num5.png in Resources */ = {isa = PBXBuildFile; fileRef = CDE87AF12198D3660056773B /* Num5.png */; };
		CDE87B1D2198D3690056773B /* Num6.png in Resources */ = {isa = PBXBuildFile; fileRef = CDE87AF22198D3660056773B /* Num6.png */; };
		CDE87B1E2198D3690056773B /* Num15.png in Resources */ = {isa = PBXBuildFile; fileRef = CDE87AF32198D3660056773B /* Num15.png */; };
		CDE87B1F2198D3690056773B /* Num29.png in Resources */ = {isa = PBXBuildFile; fileRef = CDE87AF42198D3660056773B /* Num29.png */; };
		CDE87B202198D3690056773B /* Num9.png in Resources */ = {isa = PBXBuildFile; fileRef = CDE87AF52198D3670056773B /* Num9.png */; };
		CDE87B212198D3690056773B /* Num26.png in Resources */ = {isa = PBXBuildFile; fileRef = CDE87AF62198D3670056773B /* Num26.png */; };
		CDE87B222198D3690056773B /* Num18.png in Resources */ = {isa = PBXBuildFile; fileRef = CDE87AF72198D3670056773B /* Num18.png */; };
		CDE87B232198D3690056773B /* Num21.png in Resources */ = {isa = PBXBuildFile; fileRef = CDE87AF82198D3670056773B /* Num21.png */; };
		CDE87B242198D3690056773B /* Num24.png in Resources */ = {isa = PBXBuildFile; fileRef = CDE87AF92198D3670056773B /* Num24.png */; };
		CDE87B252198D3690056773B /* Num27.png in Resources */ = {isa = PBXBuildFile; fileRef = CDE87AFA2198D3670056773B /* Num27.png */; };
		CDE87B272198D3690056773B /* Num13.png in Resources */ = {isa = PBXBuildFile; fileRef = CDE87AFC2198D3680056773B /* Num13.png */; };
		CDE87B292198D3690056773B /* Num33.png in Resources */ = {isa = PBXBuildFile; fileRef = CDE87AFE2198D3680056773B /* Num33.png */; };
		CDE87B2A2198D3690056773B /* Num3.png in Resources */ = {isa = PBXBuildFile; fileRef = CDE87AFF2198D3680056773B /* Num3.png */; };
/* End PBXBuildFile section */

/* Begin PBXFileReference section */
		CD0E6A842196638F0083171A /* Play1.app */ = {isa = PBXFileReference; explicitFileType = wrapper.application; includeInIndex = 0; path = Play1.app; sourceTree = BUILT_PRODUCTS_DIR; };
		CD0E6A872196638F0083171A /* AppDelegate.swift */ = {isa = PBXFileReference; lastKnownFileType = sourcecode.swift; path = AppDelegate.swift; sourceTree = "<group>"; };
		CD0E6A89219663900083171A /* ViewController.swift */ = {isa = PBXFileReference; lastKnownFileType = sourcecode.swift; path = ViewController.swift; sourceTree = "<group>"; };
		CD0E6A8C219663900083171A /* Base */ = {isa = PBXFileReference; lastKnownFileType = file.storyboard; name = Base; path = Base.lproj/Main.storyboard; sourceTree = "<group>"; };
		CD0E6A8E219663900083171A /* Assets.xcassets */ = {isa = PBXFileReference; lastKnownFileType = folder.assetcatalog; path = Assets.xcassets; sourceTree = "<group>"; };
		CD0E6A91219663900083171A /* Base */ = {isa = PBXFileReference; lastKnownFileType = file.storyboard; name = Base; path = Base.lproj/LaunchScreen.storyboard; sourceTree = "<group>"; };
		CD0E6A93219663900083171A /* Info.plist */ = {isa = PBXFileReference; lastKnownFileType = text.plist.xml; path = Info.plist; sourceTree = "<group>"; };
		CD0E6A9C2197638D0083171A /* Table5.png */ = {isa = PBXFileReference; lastKnownFileType = image.png; path = Table5.png; sourceTree = "<group>"; };
		CD0E6AF4219772A20083171A /* myTableViewCell.swift */ = {isa = PBXFileReference; lastKnownFileType = sourcecode.swift; path = myTableViewCell.swift; sourceTree = "<group>"; };
		CDE87AD62198D3620056773B /* Num4.png */ = {isa = PBXFileReference; lastKnownFileType = image.png; name = Num4.png; path = "../../../../Documents/Resize/Resizer 11-11-2018 at 21.13.51/Num4.png"; sourceTree = "<group>"; };
		CDE87AD72198D3620056773B /* RedBkg.png */ = {isa = PBXFileReference; lastKnownFileType = image.png; name = RedBkg.png; path = "../../../../Documents/Resize/Resizer 11-11-2018 at 21.13.51/RedBkg.png"; sourceTree = "<group>"; };
		CDE87AD82198D3620056773B /* Num23.png */ = {isa = PBXFileReference; lastKnownFileType = image.png; name = Num23.png; path = "../../../../Documents/Resize/Resizer 11-11-2018 at 21.13.51/Num23.png"; sourceTree = "<group>"; };
		CDE87AD92198D3630056773B /* Num32.png */ = {isa = PBXFileReference; lastKnownFileType = image.png; name = Num32.png; path = "../../../../Documents/Resize/Resizer 11-11-2018 at 21.13.51/Num32.png"; sourceTree = "<group>"; };
		CDE87ADA2198D3630056773B /* Cross.png */ = {isa = PBXFileReference; lastKnownFileType = image.png; name = Cross.png; path = "../../../../Documents/Resize/Resizer 11-11-2018 at 21.13.51/Cross.png"; sourceTree = "<group>"; };
		CDE87ADB2198D3630056773B /* Num8.png */ = {isa = PBXFileReference; lastKnownFileType = image.png; name = Num8.png; path = "../../../../Documents/Resize/Resizer 11-11-2018 at 21.13.51/Num8.png"; sourceTree = "<group>"; };
		CDE87ADC2198D3630056773B /* Num16.png */ = {isa = PBXFileReference; lastKnownFileType = image.png; name = Num16.png; path = "../../../../Documents/Resize/Resizer 11-11-2018 at 21.13.51/Num16.png"; sourceTree = "<group>"; };
		CDE87ADD2198D3630056773B /* Num20.png */ = {isa = PBXFileReference; lastKnownFileType = image.png; name = Num20.png; path = "../../../../Documents/Resize/Resizer 11-11-2018 at 21.13.51/Num20.png"; sourceTree = "<group>"; };
		CDE87ADE2198D3630056773B /* Num19.png */ = {isa = PBXFileReference; lastKnownFileType = image.png; name = Num19.png; path = "../../../../Documents/Resize/Resizer 11-11-2018 at 21.13.51/Num19.png"; sourceTree = "<group>"; };
		CDE87ADF2198D3630056773B /* Num1.png */ = {isa = PBXFileReference; lastKnownFileType = image.png; name = Num1.png; path = "../../../../Documents/Resize/Resizer 11-11-2018 at 21.13.51/Num1.png"; sourceTree = "<group>"; };
		CDE87AE02198D3630056773B /* Num28.png */ = {isa = PBXFileReference; lastKnownFileType = image.png; name = Num28.png; path = "../../../../Documents/Resize/Resizer 11-11-2018 at 21.13.51/Num28.png"; sourceTree = "<group>"; };
		CDE87AE12198D3630056773B /* Num35.png */ = {isa = PBXFileReference; lastKnownFileType = image.png; name = Num35.png; path = "../../../../Documents/Resize/Resizer 11-11-2018 at 21.13.51/Num35.png"; sourceTree = "<group>"; };
		CDE87AE22198D3640056773B /* Num30.png */ = {isa = PBXFileReference; lastKnownFileType = image.png; name = Num30.png; path = "../../../../Documents/Resize/Resizer 11-11-2018 at 21.13.51/Num30.png"; sourceTree = "<group>"; };
		CDE87AE42198D3640056773B /* Num25.png */ = {isa = PBXFileReference; lastKnownFileType = image.png; name = Num25.png; path = "../../../../Documents/Resize/Resizer 11-11-2018 at 21.13.51/Num25.png"; sourceTree = "<group>"; };
		CDE87AE52198D3640056773B /* Num2.png */ = {isa = PBXFileReference; lastKnownFileType = image.png; name = Num2.png; path = "../../../../Documents/Resize/Resizer 11-11-2018 at 21.13.51/Num2.png"; sourceTree = "<group>"; };
		CDE87AE62198D3640056773B /* Num14.png */ = {isa = PBXFileReference; lastKnownFileType = image.png; name = Num14.png; path = "../../../../Documents/Resize/Resizer 11-11-2018 at 21.13.51/Num14.png"; sourceTree = "<group>"; };
		CDE87AE72198D3640056773B /* Num17.png */ = {isa = PBXFileReference; lastKnownFileType = image.png; name = Num17.png; path = "../../../../Documents/Resize/Resizer 11-11-2018 at 21.13.51/Num17.png"; sourceTree = "<group>"; };
		CDE87AE82198D3640056773B /* Num31.png */ = {isa = PBXFileReference; lastKnownFileType = image.png; name = Num31.png; path = "../../../../Documents/Resize/Resizer 11-11-2018 at 21.13.51/Num31.png"; sourceTree = "<group>"; };
		CDE87AE92198D3640056773B /* Num34.png */ = {isa = PBXFileReference; lastKnownFileType = image.png; name = Num34.png; path = "../../../../Documents/Resize/Resizer 11-11-2018 at 21.13.51/Num34.png"; sourceTree = "<group>"; };
		CDE87AEA2198D3650056773B /* Num10.png */ = {isa = PBXFileReference; lastKnownFileType = image.png; name = Num10.png; path = "../../../../Documents/Resize/Resizer 11-11-2018 at 21.13.51/Num10.png"; sourceTree = "<group>"; };
		CDE87AEB2198D3650056773B /* Num111.png */ = {isa = PBXFileReference; lastKnownFileType = image.png; path = Num111.png; sourceTree = "<group>"; };
		CDE87AEC2198D3650056773B /* Num12.png */ = {isa = PBXFileReference; lastKnownFileType = image.png; name = Num12.png; path = "../../../../Documents/Resize/Resizer 11-11-2018 at 21.13.51/Num12.png"; sourceTree = "<group>"; };
		CDE87AEE2198D3650056773B /* Num22.png */ = {isa = PBXFileReference; lastKnownFileType = image.png; name = Num22.png; path = "../../../../Documents/Resize/Resizer 11-11-2018 at 21.13.51/Num22.png"; sourceTree = "<group>"; };
		CDE87AEF2198D3650056773B /* Num36.png */ = {isa = PBXFileReference; lastKnownFileType = image.png; name = Num36.png; path = "../../../../Documents/Resize/Resizer 11-11-2018 at 21.13.51/Num36.png"; sourceTree = "<group>"; };
		CDE87AF02198D3660056773B /* Num7.png */ = {isa = PBXFileReference; lastKnownFileType = image.png; name = Num7.png; path = "../../../../Documents/Resize/Resizer 11-11-2018 at 21.13.51/Num7.png"; sourceTree = "<group>"; };
		CDE87AF12198D3660056773B /* Num5.png */ = {isa = PBXFileReference; lastKnownFileType = image.png; name = Num5.png; path = "../../../../Documents/Resize/Resizer 11-11-2018 at 21.13.51/Num5.png"; sourceTree = "<group>"; };
		CDE87AF22198D3660056773B /* Num6.png */ = {isa = PBXFileReference; lastKnownFileType = image.png; name = Num6.png; path = "../../../../Documents/Resize/Resizer 11-11-2018 at 21.13.51/Num6.png"; sourceTree = "<group>"; };
		CDE87AF32198D3660056773B /* Num15.png */ = {isa = PBXFileReference; lastKnownFileType = image.png; name = Num15.png; path = "../../../../Documents/Resize/Resizer 11-11-2018 at 21.13.51/Num15.png"; sourceTree = "<group>"; };
		CDE87AF42198D3660056773B /* Num29.png */ = {isa = PBXFileReference; lastKnownFileType = image.png; name = Num29.png; path = "../../../../Documents/Resize/Resizer 11-11-2018 at 21.13.51/Num29.png"; sourceTree = "<group>"; };
		CDE87AF52198D3670056773B /* Num9.png */ = {isa = PBXFileReference; lastKnownFileType = image.png; name = Num9.png; path = "../../../../Documents/Resize/Resizer 11-11-2018 at 21.13.51/Num9.png"; sourceTree = "<group>"; };
		CDE87AF62198D3670056773B /* Num26.png */ = {isa = PBXFileReference; lastKnownFileType = image.png; name = Num26.png; path = "../../../../Documents/Resize/Resizer 11-11-2018 at 21.13.51/Num26.png"; sourceTree = "<group>"; };
		CDE87AF72198D3670056773B /* Num18.png */ = {isa = PBXFileReference; lastKnownFileType = image.png; name = Num18.png; path = "../../../../Documents/Resize/Resizer 11-11-2018 at 21.13.51/Num18.png"; sourceTree = "<group>"; };
		CDE87AF82198D3670056773B /* Num21.png */ = {isa = PBXFileReference; lastKnownFileType = image.png; name = Num21.png; path = "../../../../Documents/Resize/Resizer 11-11-2018 at 21.13.51/Num21.png"; sourceTree = "<group>"; };
		CDE87AF92198D3670056773B /* Num24.png */ = {isa = PBXFileReference; lastKnownFileType = image.png; name = Num24.png; path = "../../../../Documents/Resize/Resizer 11-11-2018 at 21.13.51/Num24.png"; sourceTree = "<group>"; };
		CDE87AFA2198D3670056773B /* Num27.png */ = {isa = PBXFileReference; lastKnownFileType = image.png; name = Num27.png; path = "../../../../Documents/Resize/Resizer 11-11-2018 at 21.13.51/Num27.png"; sourceTree = "<group>"; };
		CDE87AFC2198D3680056773B /* Num13.png */ = {isa = PBXFileReference; lastKnownFileType = image.png; name = Num13.png; path = "../../../../Documents/Resize/Resizer 11-11-2018 at 21.13.51/Num13.png"; sourceTree = "<group>"; };
		CDE87AFE2198D3680056773B /* Num33.png */ = {isa = PBXFileReference; lastKnownFileType = image.png; name = Num33.png; path = "../../../../Documents/Resize/Resizer 11-11-2018 at 21.13.51/Num33.png"; sourceTree = "<group>"; };
		CDE87AFF2198D3680056773B /* Num3.png */ = {isa = PBXFileReference; lastKnownFileType = image.png; name = Num3.png; path = "../../../../Documents/Resize/Resizer 11-11-2018 at 21.13.51/Num3.png"; sourceTree = "<group>"; };
/* End PBXFileReference section */

/* Begin PBXFrameworksBuildPhase section */
		CD0E6A812196638F0083171A /* Frameworks */ = {
			isa = PBXFrameworksBuildPhase;
			buildActionMask = 2147483647;
			files = (
			);
			runOnlyForDeploymentPostprocessing = 0;
		};
/* End PBXFrameworksBuildPhase section */

/* Begin PBXGroup section */
		CD0E6A7B2196638F0083171A = {
			isa = PBXGroup;
			children = (
				CD0E6A862196638F0083171A /* Play1 */,
				CD0E6A852196638F0083171A /* Products */,
			);
			sourceTree = "<group>";
		};
		CD0E6A852196638F0083171A /* Products */ = {
			isa = PBXGroup;
			children = (
				CD0E6A842196638F0083171A /* Play1.app */,
			);
			name = Products;
			sourceTree = "<group>";
		};
		CD0E6A862196638F0083171A /* Play1 */ = {
			isa = PBXGroup;
			children = (
				CD0E6A872196638F0083171A /* AppDelegate.swift */,
				CD0E6A89219663900083171A /* ViewController.swift */,
				CD0E6A8B219663900083171A /* Main.storyboard */,
				CD0E6AF4219772A20083171A /* myTableViewCell.swift */,
				CD0E6A8E219663900083171A /* Assets.xcassets */,
				CD0E6A90219663900083171A /* LaunchScreen.storyboard */,
				CD0E6A9C2197638D0083171A /* Table5.png */,
				CDE87ADA2198D3630056773B /* Cross.png */,
				CDE87ADF2198D3630056773B /* Num1.png */,
				CDE87AE52198D3640056773B /* Num2.png */,
				CDE87AFF2198D3680056773B /* Num3.png */,
				CDE87AD62198D3620056773B /* Num4.png */,
				CDE87AF12198D3660056773B /* Num5.png */,
				CDE87AF22198D3660056773B /* Num6.png */,
				CDE87AF02198D3660056773B /* Num7.png */,
				CDE87ADB2198D3630056773B /* Num8.png */,
				CDE87AF52198D3670056773B /* Num9.png */,
				CDE87AEA2198D3650056773B /* Num10.png */,
				CDE87AEC2198D3650056773B /* Num12.png */,
				CDE87AFC2198D3680056773B /* Num13.png */,
				CDE87AE62198D3640056773B /* Num14.png */,
				CDE87AF32198D3660056773B /* Num15.png */,
				CDE87ADC2198D3630056773B /* Num16.png */,
				CDE87AE72198D3640056773B /* Num17.png */,
				CDE87AF72198D3670056773B /* Num18.png */,
				CDE87ADE2198D3630056773B /* Num19.png */,
				CDE87ADD2198D3630056773B /* Num20.png */,
				CDE87AF82198D3670056773B /* Num21.png */,
				CDE87AEE2198D3650056773B /* Num22.png */,
				CDE87AD82198D3620056773B /* Num23.png */,
				CDE87AF92198D3670056773B /* Num24.png */,
				CDE87AE42198D3640056773B /* Num25.png */,
				CDE87AF62198D3670056773B /* Num26.png */,
				CDE87AFA2198D3670056773B /* Num27.png */,
				CDE87AE02198D3630056773B /* Num28.png */,
				CDE87AF42198D3660056773B /* Num29.png */,
				CDE87AE22198D3640056773B /* Num30.png */,
				CDE87AE82198D3640056773B /* Num31.png */,
				CDE87AD92198D3630056773B /* Num32.png */,
				CDE87AFE2198D3680056773B /* Num33.png */,
				CDE87AE92198D3640056773B /* Num34.png */,
				CDE87AE12198D3630056773B /* Num35.png */,
				CDE87AEF2198D3650056773B /* Num36.png */,
				CDE87AEB2198D3650056773B /* Num111.png */,
				CDE87AD72198D3620056773B /* RedBkg.png */,
				CD0E6A93219663900083171A /* Info.plist */,
			);
			path = Play1;
			sourceTree = "<group>";
		};
/* End PBXGroup section */

/* Begin PBXNativeTarget section */
		CD0E6A832196638F0083171A /* Play1 */ = {
			isa = PBXNativeTarget;
			buildConfigurationList = CD0E6A96219663900083171A /* Build configuration list for PBXNativeTarget "Play1" */;
			buildPhases = (
				CD0E6A802196638F0083171A /* Sources */,
				CD0E6A812196638F0083171A /* Frameworks */,
				CD0E6A822196638F0083171A /* Resources */,
			);
			buildRules = (
			);
			dependencies = (
			);
			name = Play1;
			productName = Play1;
			productReference = CD0E6A842196638F0083171A /* Play1.app */;
			productType = "com.apple.product-type.application";
		};
/* End PBXNativeTarget section */

/* Begin PBXProject section */
		CD0E6A7C2196638F0083171A /* Project object */ = {
			isa = PBXProject;
			attributes = {
				LastSwiftUpdateCheck = 0920;
				LastUpgradeCheck = 0920;
				ORGANIZATIONNAME = "Dung Tran";
				TargetAttributes = {
					CD0E6A832196638F0083171A = {
						CreatedOnToolsVersion = 9.2;
						ProvisioningStyle = Automatic;
					};
				};
			};
			buildConfigurationList = CD0E6A7F2196638F0083171A /* Build configuration list for PBXProject "Play1" */;
			compatibilityVersion = "Xcode 8.0";
			developmentRegion = en;
			hasScannedForEncodings = 0;
			knownRegions = (
				en,
				Base,
			);
			mainGroup = CD0E6A7B2196638F0083171A;
			productRefGroup = CD0E6A852196638F0083171A /* Products */;
			projectDirPath = "";
			projectRoot = "";
			targets = (
				CD0E6A832196638F0083171A /* Play1 */,
			);
		};
/* End PBXProject section */

/* Begin PBXResourcesBuildPhase section */
		CD0E6A822196638F0083171A /* Resources */ = {
			isa = PBXResourcesBuildPhase;
			buildActionMask = 2147483647;
			files = (
				CDE87B102198D3690056773B /* Num2.png in Resources */,
				CD0E6A92219663900083171A /* LaunchScreen.storyboard in Resources */,
				CDE87B1B2198D3690056773B /* Num7.png in Resources */,
				CDE87B242198D3690056773B /* Num24.png in Resources */,
				CDE87B1C2198D3690056773B /* Num5.png in Resources */,
				CDE87B082198D3690056773B /* Num20.png in Resources */,
				CDE87B142198D3690056773B /* Num34.png in Resources */,
				CDE87B1F2198D3690056773B /* Num29.png in Resources */,
				CDE87B212198D3690056773B /* Num26.png in Resources */,
				CDE87B162198D3690056773B /* Num111.png in Resources */,
				CDE87B272198D3690056773B /* Num13.png in Resources */,
				CDE87B032198D3690056773B /* Num23.png in Resources */,
				CDE87B062198D3690056773B /* Num8.png in Resources */,
				CDE87B252198D3690056773B /* Num27.png in Resources */,
				CDE87B052198D3690056773B /* Cross.png in Resources */,
				CDE87B1E2198D3690056773B /* Num15.png in Resources */,
				CD0E6A8F219663900083171A /* Assets.xcassets in Resources */,
				CDE87B0B2198D3690056773B /* Num28.png in Resources */,
				CDE87B1D2198D3690056773B /* Num6.png in Resources */,
				CDE87B0D2198D3690056773B /* Num30.png in Resources */,
				CDE87B092198D3690056773B /* Num19.png in Resources */,
				CDE87B022198D3690056773B /* RedBkg.png in Resources */,
				CDE87B2A2198D3690056773B /* Num3.png in Resources */,
				CDE87B112198D3690056773B /* Num14.png in Resources */,
				CD0E6A9D2197638D0083171A /* Table5.png in Resources */,
				CDE87B0F2198D3690056773B /* Num25.png in Resources */,
				CDE87B072198D3690056773B /* Num16.png in Resources */,
				CDE87B132198D3690056773B /* Num31.png in Resources */,
				CDE87B0C2198D3690056773B /* Num35.png in Resources */,
				CDE87B012198D3690056773B /* Num4.png in Resources */,
				CDE87B292198D3690056773B /* Num33.png in Resources */,
				CDE87B192198D3690056773B /* Num22.png in Resources */,
				CDE87B1A2198D3690056773B /* Num36.png in Resources */,
				CD0E6A8D219663900083171A /* Main.storyboard in Resources */,
				CDE87B0A2198D3690056773B /* Num1.png in Resources */,
				CDE87B042198D3690056773B /* Num32.png in Resources */,
				CDE87B202198D3690056773B /* Num9.png in Resources */,
				CDE87B152198D3690056773B /* Num10.png in Resources */,
				CDE87B122198D3690056773B /* Num17.png in Resources */,
				CDE87B222198D3690056773B /* Num18.png in Resources */,
				CDE87B172198D3690056773B /* Num12.png in Resources */,
				CDE87B232198D3690056773B /* Num21.png in Resources */,
			);
			runOnlyForDeploymentPostprocessing = 0;
		};
/* End PBXResourcesBuildPhase section */

/* Begin PBXSourcesBuildPhase section */
		CD0E6A802196638F0083171A /* Sources */ = {
			isa = PBXSourcesBuildPhase;
			buildActionMask = 2147483647;
			files = (
				CD0E6A8A219663900083171A /* ViewController.swift in Sources */,
				CD0E6A882196638F0083171A /* AppDelegate.swift in Sources */,
				CD0E6AF5219772A20083171A /* myTableViewCell.swift in Sources */,
			);
			runOnlyForDeploymentPostprocessing = 0;
		};
/* End PBXSourcesBuildPhase section */

/* Begin PBXVariantGroup section */
		CD0E6A8B219663900083171A /* Main.storyboard */ = {
			isa = PBXVariantGroup;
			children = (
				CD0E6A8C219663900083171A /* Base */,
			);
			name = Main.storyboard;
			sourceTree = "<group>";
		};
		CD0E6A90219663900083171A /* LaunchScreen.storyboard */ = {
			isa = PBXVariantGroup;
			children = (
				CD0E6A91219663900083171A /* Base */,
			);
			name = LaunchScreen.storyboard;
			sourceTree = "<group>";
		};
/* End PBXVariantGroup section */

/* Begin XCBuildConfiguration section */
		CD0E6A94219663900083171A /* Debug */ = {
			isa = XCBuildConfiguration;
			buildSettings = {
				ALWAYS_SEARCH_USER_PATHS = NO;
				CLANG_ANALYZER_NONNULL = YES;
				CLANG_ANALYZER_NUMBER_OBJECT_CONVERSION = YES_AGGRESSIVE;
				CLANG_CXX_LANGUAGE_STANDARD = "gnu++14";
				CLANG_CXX_LIBRARY = "libc++";
				CLANG_ENABLE_MODULES = YES;
				CLANG_ENABLE_OBJC_ARC = YES;
				CLANG_WARN_BLOCK_CAPTURE_AUTORELEASING = YES;
				CLANG_WARN_BOOL_CONVERSION = YES;
				CLANG_WARN_COMMA = YES;
				CLANG_WARN_CONSTANT_CONVERSION = YES;
				CLANG_WARN_DIRECT_OBJC_ISA_USAGE = YES_ERROR;
				CLANG_WARN_DOCUMENTATION_COMMENTS = YES;
				CLANG_WARN_EMPTY_BODY = YES;
				CLANG_WARN_ENUM_CONVERSION = YES;
				CLANG_WARN_INFINITE_RECURSION = YES;
				CLANG_WARN_INT_CONVERSION = YES;
				CLANG_WARN_NON_LITERAL_NULL_CONVERSION = YES;
				CLANG_WARN_OBJC_LITERAL_CONVERSION = YES;
				CLANG_WARN_OBJC_ROOT_CLASS = YES_ERROR;
				CLANG_WARN_RANGE_LOOP_ANALYSIS = YES;
				CLANG_WARN_STRICT_PROTOTYPES = YES;
				CLANG_WARN_SUSPICIOUS_MOVE = YES;
				CLANG_WARN_UNGUARDED_AVAILABILITY = YES_AGGRESSIVE;
				CLANG_WARN_UNREACHABLE_CODE = YES;
				CLANG_WARN__DUPLICATE_METHOD_MATCH = YES;
				CODE_SIGN_IDENTITY = "iPhone Developer";
				COPY_PHASE_STRIP = NO;
				DEBUG_INFORMATION_FORMAT = dwarf;
				ENABLE_STRICT_OBJC_MSGSEND = YES;
				ENABLE_TESTABILITY = YES;
				GCC_C_LANGUAGE_STANDARD = gnu11;
				GCC_DYNAMIC_NO_PIC = NO;
				GCC_NO_COMMON_BLOCKS = YES;
				GCC_OPTIMIZATION_LEVEL = 0;
				GCC_PREPROCESSOR_DEFINITIONS = (
					"DEBUG=1",
					"$(inherited)",
				);
				GCC_WARN_64_TO_32_BIT_CONVERSION = YES;
				GCC_WARN_ABOUT_RETURN_TYPE = YES_ERROR;
				GCC_WARN_UNDECLARED_SELECTOR = YES;
				GCC_WARN_UNINITIALIZED_AUTOS = YES_AGGRESSIVE;
				GCC_WARN_UNUSED_FUNCTION = YES;
				GCC_WARN_UNUSED_VARIABLE = YES;
				IPHONEOS_DEPLOYMENT_TARGET = 11.2;
				MTL_ENABLE_DEBUG_INFO = YES;
				ONLY_ACTIVE_ARCH = YES;
				SDKROOT = iphoneos;
				SWIFT_ACTIVE_COMPILATION_CONDITIONS = DEBUG;
				SWIFT_OPTIMIZATION_LEVEL = "-Onone";
			};
			name = Debug;
		};
		CD0E6A95219663900083171A /* Release */ = {
			isa = XCBuildConfiguration;
			buildSettings = {
				ALWAYS_SEARCH_USER_PATHS = NO;
				CLANG_ANALYZER_NONNULL = YES;
				CLANG_ANALYZER_NUMBER_OBJECT_CONVERSION = YES_AGGRESSIVE;
				CLANG_CXX_LANGUAGE_STANDARD = "gnu++14";
				CLANG_CXX_LIBRARY = "libc++";
				CLANG_ENABLE_MODULES = YES;
				CLANG_ENABLE_OBJC_ARC = YES;
				CLANG_WARN_BLOCK_CAPTURE_AUTORELEASING = YES;
				CLANG_WARN_BOOL_CONVERSION = YES;
				CLANG_WARN_COMMA = YES;
				CLANG_WARN_CONSTANT_CONVERSION = YES;
				CLANG_WARN_DIRECT_OBJC_ISA_USAGE = YES_ERROR;
				CLANG_WARN_DOCUMENTATION_COMMENTS = YES;
				CLANG_WARN_EMPTY_BODY = YES;
				CLANG_WARN_ENUM_CONVERSION = YES;
				CLANG_WARN_INFINITE_RECURSION = YES;
				CLANG_WARN_INT_CONVERSION = YES;
				CLANG_WARN_NON_LITERAL_NULL_CONVERSION = YES;
				CLANG_WARN_OBJC_LITERAL_CONVERSION = YES;
				CLANG_WARN_OBJC_ROOT_CLASS = YES_ERROR;
				CLANG_WARN_RANGE_LOOP_ANALYSIS = YES;
				CLANG_WARN_STRICT_PROTOTYPES = YES;
				CLANG_WARN_SUSPICIOUS_MOVE = YES;
				CLANG_WARN_UNGUARDED_AVAILABILITY = YES_AGGRESSIVE;
				CLANG_WARN_UNREACHABLE_CODE = YES;
				CLANG_WARN__DUPLICATE_METHOD_MATCH = YES;
				CODE_SIGN_IDENTITY = "iPhone Developer";
				COPY_PHASE_STRIP = NO;
				DEBUG_INFORMATION_FORMAT = "dwarf-with-dsym";
				ENABLE_NS_ASSERTIONS = NO;
				ENABLE_STRICT_OBJC_MSGSEND = YES;
				GCC_C_LANGUAGE_STANDARD = gnu11;
				GCC_NO_COMMON_BLOCKS = YES;
				GCC_WARN_64_TO_32_BIT_CONVERSION = YES;
				GCC_WARN_ABOUT_RETURN_TYPE = YES_ERROR;
				GCC_WARN_UNDECLARED_SELECTOR = YES;
				GCC_WARN_UNINITIALIZED_AUTOS = YES_AGGRESSIVE;
				GCC_WARN_UNUSED_FUNCTION = YES;
				GCC_WARN_UNUSED_VARIABLE = YES;
				IPHONEOS_DEPLOYMENT_TARGET = 11.2;
				MTL_ENABLE_DEBUG_INFO = NO;
				SDKROOT = iphoneos;
				SWIFT_OPTIMIZATION_LEVEL = "-Owholemodule";
				VALIDATE_PRODUCT = YES;
			};
			name = Release;
		};
		CD0E6A97219663900083171A /* Debug */ = {
			isa = XCBuildConfiguration;
			buildSettings = {
				ASSETCATALOG_COMPILER_APPICON_NAME = AppIcon;
				CODE_SIGN_STYLE = Automatic;
				INFOPLIST_FILE = Play1/Info.plist;
				LD_RUNPATH_SEARCH_PATHS = "$(inherited) @executable_path/Frameworks";
				PRODUCT_BUNDLE_IDENTIFIER = com.dungtran.Play1;
				PRODUCT_NAME = "$(TARGET_NAME)";
				SWIFT_VERSION = 4.0;
				TARGETED_DEVICE_FAMILY = "1,2";
			};
			name = Debug;
		};
		CD0E6A98219663900083171A /* Release */ = {
			isa = XCBuildConfiguration;
			buildSettings = {
				ASSETCATALOG_COMPILER_APPICON_NAME = AppIcon;
				CODE_SIGN_STYLE = Automatic;
				INFOPLIST_FILE = Play1/Info.plist;
				LD_RUNPATH_SEARCH_PATHS = "$(inherited) @executable_path/Frameworks";
				PRODUCT_BUNDLE_IDENTIFIER = com.dungtran.Play1;
				PRODUCT_NAME = "$(TARGET_NAME)";
				SWIFT_VERSION = 4.0;
				TARGETED_DEVICE_FAMILY = "1,2";
			};
			name = Release;
		};
/* End XCBuildConfiguration section */

/* Begin XCConfigurationList section */
		CD0E6A7F2196638F0083171A /* Build configuration list for PBXProject "Play1" */ = {
			isa = XCConfigurationList;
			buildConfigurations = (
				CD0E6A94219663900083171A /* Debug */,
				CD0E6A95219663900083171A /* Release */,
			);
			defaultConfigurationIsVisible = 0;
			defaultConfigurationName = Release;
		};
		CD0E6A96219663900083171A /* Build configuration list for PBXNativeTarget "Play1" */ = {
			isa = XCConfigurationList;
			buildConfigurations = (
				CD0E6A97219663900083171A /* Debug */,
				CD0E6A98219663900083171A /* Release */,
			);
			defaultConfigurationIsVisible = 0;
			defaultConfigurationName = Release;
		};
/* End XCConfigurationList section */
	};
	rootObject = CD0E6A7C2196638F0083171A /* Project object */;
}
