// !$*UTF8*$!
{
	archiveVersion = 1;
	classes = {
	};
	objectVersion = 48;
	objects = {

/* Begin PBXBuildFile section */
		CD0E6A882196638F0083171A /* AppDelegate.swift in Sources */ = {isa = PBXBuildFile; fileRef = CD0E6A872196638F0083171A /* AppDelegate.swift */; };
		CD0E6A8A219663900083171A /* ViewController.swift in Sources */ = {isa = PBXBuildFile; fileRef = CD0E6A89219663900083171A /* ViewController.swift */; };
		CD0E6A8D219663900083171A /* Main.storyboard in Resources */ = {isa = PBXBuildFile; fileRef = CD0E6A8B219663900083171A /* Main.storyboard */; };
		CD0E6A8F219663900083171A /* Assets.xcassets in Resources */ = {isa = PBXBuildFile; fileRef = CD0E6A8E219663900083171A /* Assets.xcassets */; };
		CD0E6A92219663900083171A /* LaunchScreen.storyboard in Resources */ = {isa = PBXBuildFile; fileRef = CD0E6A90219663900083171A /* LaunchScreen.storyboard */; };
		CD0E6A9D2197638D0083171A /* Table5.png in Resources */ = {isa = PBXBuildFile; fileRef = CD0E6A9C2197638D0083171A /* Table5.png */; };
		CD0E6AF5219772A20083171A /* myTableViewCell.swift in Sources */ = {isa = PBXBuildFile; fileRef = CD0E6AF4219772A20083171A /* myTableViewCell.swift */; };
		CDE87B9F219A59B50056773B /* Num6.png in Resources */ = {isa = PBXBuildFile; fileRef = CDE87B79219A59AF0056773B /* Num6.png */; };
		CDE87BA0219A59B50056773B /* Num7.png in Resources */ = {isa = PBXBuildFile; fileRef = CDE87B7A219A59AF0056773B /* Num7.png */; };
		CDE87BA1219A59B50056773B /* Num8.png in Resources */ = {isa = PBXBuildFile; fileRef = CDE87B7B219A59AF0056773B /* Num8.png */; };
		CDE87BA2219A59B50056773B /* Num10.png in Resources */ = {isa = PBXBuildFile; fileRef = CDE87B7C219A59AF0056773B /* Num10.png */; };
		CDE87BA3219A59B50056773B /* Num9.png in Resources */ = {isa = PBXBuildFile; fileRef = CDE87B7D219A59B00056773B /* Num9.png */; };
		CDE87BA4219A59B50056773B /* Num33.png in Resources */ = {isa = PBXBuildFile; fileRef = CDE87B7E219A59B00056773B /* Num33.png */; };
		CDE87BA5219A59B50056773B /* Num0.png in Resources */ = {isa = PBXBuildFile; fileRef = CDE87B7F219A59B00056773B /* Num0.png */; };
		CDE87BA6219A59B50056773B /* Num5.png in Resources */ = {isa = PBXBuildFile; fileRef = CDE87B80219A59B00056773B /* Num5.png */; };
		CDE87BA7219A59B50056773B /* Num16.png in Resources */ = {isa = PBXBuildFile; fileRef = CDE87B81219A59B00056773B /* Num16.png */; };
		CDE87BA8219A59B50056773B /* Num24.png in Resources */ = {isa = PBXBuildFile; fileRef = CDE87B82219A59B00056773B /* Num24.png */; };
		CDE87BA9219A59B50056773B /* Num28.png in Resources */ = {isa = PBXBuildFile; fileRef = CDE87B83219A59B00056773B /* Num28.png */; };
		CDE87BAA219A59B50056773B /* Num29.png in Resources */ = {isa = PBXBuildFile; fileRef = CDE87B84219A59B00056773B /* Num29.png */; };
		CDE87BAB219A59B50056773B /* Num27.png in Resources */ = {isa = PBXBuildFile; fileRef = CDE87B85219A59B00056773B /* Num27.png */; };
		CDE87BAC219A59B50056773B /* Num18.png in Resources */ = {isa = PBXBuildFile; fileRef = CDE87B86219A59B10056773B /* Num18.png */; };
		CDE87BAD219A59B50056773B /* Num20.png in Resources */ = {isa = PBXBuildFile; fileRef = CDE87B87219A59B10056773B /* Num20.png */; };
		CDE87BAE219A59B50056773B /* Cross.png in Resources */ = {isa = PBXBuildFile; fileRef = CDE87B88219A59B10056773B /* Cross.png */; };
		CDE87BAF219A59B50056773B /* Num12.png in Resources */ = {isa = PBXBuildFile; fileRef = CDE87B89219A59B10056773B /* Num12.png */; };
		CDE87BB0219A59B50056773B /* Num34.png in Resources */ = {isa = PBXBuildFile; fileRef = CDE87B8A219A59B10056773B /* Num34.png */; };
		CDE87BB1219A59B50056773B /* Num30.png in Resources */ = {isa = PBXBuildFile; fileRef = CDE87B8B219A59B10056773B /* Num30.png */; };
		CDE87BB2219A59B50056773B /* Num31.png in Resources */ = {isa = PBXBuildFile; fileRef = CDE87B8C219A59B10056773B /* Num31.png */; };
		CDE87BB3219A59B50056773B /* Num4.png in Resources */ = {isa = PBXBuildFile; fileRef = CDE87B8D219A59B20056773B /* Num4.png */; };
		CDE87BB4219A59B50056773B /* Num25.png in Resources */ = {isa = PBXBuildFile; fileRef = CDE87B8E219A59B20056773B /* Num25.png */; };
		CDE87BB5219A59B50056773B /* Num2.png in Resources */ = {isa = PBXBuildFile; fileRef = CDE87B8F219A59B20056773B /* Num2.png */; };
		CDE87BB6219A59B50056773B /* Num13.png in Resources */ = {isa = PBXBuildFile; fileRef = CDE87B90219A59B20056773B /* Num13.png */; };
		CDE87BB7219A59B50056773B /* Num26.png in Resources */ = {isa = PBXBuildFile; fileRef = CDE87B91219A59B20056773B /* Num26.png */; };
		CDE87BB8219A59B50056773B /* Num36.png in Resources */ = {isa = PBXBuildFile; fileRef = CDE87B92219A59B20056773B /* Num36.png */; };
		CDE87BB9219A59B50056773B /* Num11.png in Resources */ = {isa = PBXBuildFile; fileRef = CDE87B93219A59B30056773B /* Num11.png */; };
		CDE87BBA219A59B50056773B /* Num19.png in Resources */ = {isa = PBXBuildFile; fileRef = CDE87B94219A59B30056773B /* Num19.png */; };
		CDE87BBB219A59B50056773B /* Num17.png in Resources */ = {isa = PBXBuildFile; fileRef = CDE87B95219A59B30056773B /* Num17.png */; };
		CDE87BBC219A59B50056773B /* Num1.png in Resources */ = {isa = PBXBuildFile; fileRef = CDE87B96219A59B30056773B /* Num1.png */; };
		CDE87BBD219A59B50056773B /* Num21.png in Resources */ = {isa = PBXBuildFile; fileRef = CDE87B97219A59B30056773B /* Num21.png */; };
		CDE87BBE219A59B50056773B /* Num35.png in Resources */ = {isa = PBXBuildFile; fileRef = CDE87B98219A59B30056773B /* Num35.png */; };
		CDE87BBF219A59B50056773B /* Num14.png in Resources */ = {isa = PBXBuildFile; fileRef = CDE87B99219A59B30056773B /* Num14.png */; };
		CDE87BC0219A59B50056773B /* Num3.png in Resources */ = {isa = PBXBuildFile; fileRef = CDE87B9A219A59B40056773B /* Num3.png */; };
		CDE87BC1219A59B50056773B /* Num15.png in Resources */ = {isa = PBXBuildFile; fileRef = CDE87B9B219A59B40056773B /* Num15.png */; };
		CDE87BC2219A59B50056773B /* Num23.png in Resources */ = {isa = PBXBuildFile; fileRef = CDE87B9C219A59B40056773B /* Num23.png */; };
		CDE87BC3219A59B50056773B /* Num32.png in Resources */ = {isa = PBXBuildFile; fileRef = CDE87B9D219A59B40056773B /* Num32.png */; };
		CDE87BC4219A59B50056773B /* Num22.png in Resources */ = {isa = PBXBuildFile; fileRef = CDE87B9E219A59B40056773B /* Num22.png */; };
		CDE87BC6219A77680056773B /* mySecondViewController.swift in Sources */ = {isa = PBXBuildFile; fileRef = CDE87BC5219A77680056773B /* mySecondViewController.swift */; };
/* End PBXBuildFile section */

/* Begin PBXFileReference section */
		CD0E6A842196638F0083171A /* Play1.app */ = {isa = PBXFileReference; explicitFileType = wrapper.application; includeInIndex = 0; path = Play1.app; sourceTree = BUILT_PRODUCTS_DIR; };
		CD0E6A872196638F0083171A /* AppDelegate.swift */ = {isa = PBXFileReference; lastKnownFileType = sourcecode.swift; path = AppDelegate.swift; sourceTree = "<group>"; };
		CD0E6A89219663900083171A /* ViewController.swift */ = {isa = PBXFileReference; lastKnownFileType = sourcecode.swift; path = ViewController.swift; sourceTree = "<group>"; };
		CD0E6A8C219663900083171A /* Base */ = {isa = PBXFileReference; lastKnownFileType = file.storyboard; name = Base; path = Base.lproj/Main.storyboard; sourceTree = "<group>"; };
		CD0E6A8E219663900083171A /* Assets.xcassets */ = {isa = PBXFileReference; lastKnownFileType = folder.assetcatalog; path = Assets.xcassets; sourceTree = "<group>"; };
		CD0E6A91219663900083171A /* Base */ = {isa = PBXFileReference; lastKnownFileType = file.storyboard; name = Base; path = Base.lproj/LaunchScreen.storyboard; sourceTree = "<group>"; };
		CD0E6A93219663900083171A /* Info.plist */ = {isa = PBXFileReference; lastKnownFileType = text.plist.xml; path = Info.plist; sourceTree = "<group>"; };
		CD0E6A9C2197638D0083171A /* Table5.png */ = {isa = PBXFileReference; lastKnownFileType = image.png; path = Table5.png; sourceTree = "<group>"; };
		CD0E6AF4219772A20083171A /* myTableViewCell.swift */ = {isa = PBXFileReference; lastKnownFileType = sourcecode.swift; path = myTableViewCell.swift; sourceTree = "<group>"; };
		CDE87B79219A59AF0056773B /* Num6.png */ = {isa = PBXFileReference; lastKnownFileType = image.png; path = Num6.png; sourceTree = "<group>"; };
		CDE87B7A219A59AF0056773B /* Num7.png */ = {isa = PBXFileReference; lastKnownFileType = image.png; path = Num7.png; sourceTree = "<group>"; };
		CDE87B7B219A59AF0056773B /* Num8.png */ = {isa = PBXFileReference; lastKnownFileType = image.png; path = Num8.png; sourceTree = "<group>"; };
		CDE87B7C219A59AF0056773B /* Num10.png */ = {isa = PBXFileReference; lastKnownFileType = image.png; path = Num10.png; sourceTree = "<group>"; };
		CDE87B7D219A59B00056773B /* Num9.png */ = {isa = PBXFileReference; lastKnownFileType = image.png; path = Num9.png; sourceTree = "<group>"; };
		CDE87B7E219A59B00056773B /* Num33.png */ = {isa = PBXFileReference; lastKnownFileType = image.png; path = Num33.png; sourceTree = "<group>"; };
		CDE87B7F219A59B00056773B /* Num0.png */ = {isa = PBXFileReference; lastKnownFileType = image.png; path = Num0.png; sourceTree = "<group>"; };
		CDE87B80219A59B00056773B /* Num5.png */ = {isa = PBXFileReference; lastKnownFileType = image.png; path = Num5.png; sourceTree = "<group>"; };
		CDE87B81219A59B00056773B /* Num16.png */ = {isa = PBXFileReference; lastKnownFileType = image.png; path = Num16.png; sourceTree = "<group>"; };
		CDE87B82219A59B00056773B /* Num24.png */ = {isa = PBXFileReference; lastKnownFileType = image.png; path = Num24.png; sourceTree = "<group>"; };
		CDE87B83219A59B00056773B /* Num28.png */ = {isa = PBXFileReference; lastKnownFileType = image.png; path = Num28.png; sourceTree = "<group>"; };
		CDE87B84219A59B00056773B /* Num29.png */ = {isa = PBXFileReference; lastKnownFileType = image.png; path = Num29.png; sourceTree = "<group>"; };
		CDE87B85219A59B00056773B /* Num27.png */ = {isa = PBXFileReference; lastKnownFileType = image.png; path = Num27.png; sourceTree = "<group>"; };
		CDE87B86219A59B10056773B /* Num18.png */ = {isa = PBXFileReference; lastKnownFileType = image.png; path = Num18.png; sourceTree = "<group>"; };
		CDE87B87219A59B10056773B /* Num20.png */ = {isa = PBXFileReference; lastKnownFileType = image.png; path = Num20.png; sourceTree = "<group>"; };
		CDE87B88219A59B10056773B /* Cross.png */ = {isa = PBXFileReference; lastKnownFileType = image.png; path = Cross.png; sourceTree = "<group>"; };
		CDE87B89219A59B10056773B /* Num12.png */ = {isa = PBXFileReference; lastKnownFileType = image.png; path = Num12.png; sourceTree = "<group>"; };
		CDE87B8A219A59B10056773B /* Num34.png */ = {isa = PBXFileReference; lastKnownFileType = image.png; path = Num34.png; sourceTree = "<group>"; };
		CDE87B8B219A59B10056773B /* Num30.png */ = {isa = PBXFileReference; lastKnownFileType = image.png; path = Num30.png; sourceTree = "<group>"; };
		CDE87B8C219A59B10056773B /* Num31.png */ = {isa = PBXFileReference; lastKnownFileType = image.png; path = Num31.png; sourceTree = "<group>"; };
		CDE87B8D219A59B20056773B /* Num4.png */ = {isa = PBXFileReference; lastKnownFileType = image.png; path = Num4.png; sourceTree = "<group>"; };
		CDE87B8E219A59B20056773B /* Num25.png */ = {isa = PBXFileReference; lastKnownFileType = image.png; path = Num25.png; sourceTree = "<group>"; };
		CDE87B8F219A59B20056773B /* Num2.png */ = {isa = PBXFileReference; lastKnownFileType = image.png; path = Num2.png; sourceTree = "<group>"; };
		CDE87B90219A59B20056773B /* Num13.png */ = {isa = PBXFileReference; lastKnownFileType = image.png; path = Num13.png; sourceTree = "<group>"; };
		CDE87B91219A59B20056773B /* Num26.png */ = {isa = PBXFileReference; lastKnownFileType = image.png; path = Num26.png; sourceTree = "<group>"; };
		CDE87B92219A59B20056773B /* Num36.png */ = {isa = PBXFileReference; lastKnownFileType = image.png; path = Num36.png; sourceTree = "<group>"; };
		CDE87B93219A59B30056773B /* Num11.png */ = {isa = PBXFileReference; lastKnownFileType = image.png; path = Num11.png; sourceTree = "<group>"; };
		CDE87B94219A59B30056773B /* Num19.png */ = {isa = PBXFileReference; lastKnownFileType = image.png; path = Num19.png; sourceTree = "<group>"; };
		CDE87B95219A59B30056773B /* Num17.png */ = {isa = PBXFileReference; lastKnownFileType = image.png; path = Num17.png; sourceTree = "<group>"; };
		CDE87B96219A59B30056773B /* Num1.png */ = {isa = PBXFileReference; lastKnownFileType = image.png; path = Num1.png; sourceTree = "<group>"; };
		CDE87B97219A59B30056773B /* Num21.png */ = {isa = PBXFileReference; lastKnownFileType = image.png; path = Num21.png; sourceTree = "<group>"; };
		CDE87B98219A59B30056773B /* Num35.png */ = {isa = PBXFileReference; lastKnownFileType = image.png; path = Num35.png; sourceTree = "<group>"; };
		CDE87B99219A59B30056773B /* Num14.png */ = {isa = PBXFileReference; lastKnownFileType = image.png; path = Num14.png; sourceTree = "<group>"; };
		CDE87B9A219A59B40056773B /* Num3.png */ = {isa = PBXFileReference; lastKnownFileType = image.png; path = Num3.png; sourceTree = "<group>"; };
		CDE87B9B219A59B40056773B /* Num15.png */ = {isa = PBXFileReference; lastKnownFileType = image.png; path = Num15.png; sourceTree = "<group>"; };
		CDE87B9C219A59B40056773B /* Num23.png */ = {isa = PBXFileReference; lastKnownFileType = image.png; path = Num23.png; sourceTree = "<group>"; };
		CDE87B9D219A59B40056773B /* Num32.png */ = {isa = PBXFileReference; lastKnownFileType = image.png; path = Num32.png; sourceTree = "<group>"; };
		CDE87B9E219A59B40056773B /* Num22.png */ = {isa = PBXFileReference; lastKnownFileType = image.png; path = Num22.png; sourceTree = "<group>"; };
		CDE87BC5219A77680056773B /* mySecondViewController.swift */ = {isa = PBXFileReference; lastKnownFileType = sourcecode.swift; path = mySecondViewController.swift; sourceTree = "<group>"; };
/* End PBXFileReference section */

/* Begin PBXFrameworksBuildPhase section */
		CD0E6A812196638F0083171A /* Frameworks */ = {
			isa = PBXFrameworksBuildPhase;
			buildActionMask = 2147483647;
			files = (
			);
			runOnlyForDeploymentPostprocessing = 0;
		};
/* End PBXFrameworksBuildPhase section */

/* Begin PBXGroup section */
		CD0E6A7B2196638F0083171A = {
			isa = PBXGroup;
			children = (
				CD0E6A862196638F0083171A /* Play1 */,
				CD0E6A852196638F0083171A /* Products */,
			);
			sourceTree = "<group>";
		};
		CD0E6A852196638F0083171A /* Products */ = {
			isa = PBXGroup;
			children = (
				CD0E6A842196638F0083171A /* Play1.app */,
			);
			name = Products;
			sourceTree = "<group>";
		};
		CD0E6A862196638F0083171A /* Play1 */ = {
			isa = PBXGroup;
			children = (
				CD0E6A872196638F0083171A /* AppDelegate.swift */,
				CD0E6A89219663900083171A /* ViewController.swift */,
				CD0E6A8B219663900083171A /* Main.storyboard */,
				CDE87BC5219A77680056773B /* mySecondViewController.swift */,
				CD0E6AF4219772A20083171A /* myTableViewCell.swift */,
				CD0E6A8E219663900083171A /* Assets.xcassets */,
				CD0E6A90219663900083171A /* LaunchScreen.storyboard */,
				CD0E6A9C2197638D0083171A /* Table5.png */,
				CD0E6A93219663900083171A /* Info.plist */,
				CDE87B88219A59B10056773B /* Cross.png */,
				CDE87B7F219A59B00056773B /* Num0.png */,
				CDE87B96219A59B30056773B /* Num1.png */,
				CDE87B8F219A59B20056773B /* Num2.png */,
				CDE87B9A219A59B40056773B /* Num3.png */,
				CDE87B8D219A59B20056773B /* Num4.png */,
				CDE87B80219A59B00056773B /* Num5.png */,
				CDE87B79219A59AF0056773B /* Num6.png */,
				CDE87B7A219A59AF0056773B /* Num7.png */,
				CDE87B7B219A59AF0056773B /* Num8.png */,
				CDE87B7D219A59B00056773B /* Num9.png */,
				CDE87B7C219A59AF0056773B /* Num10.png */,
				CDE87B93219A59B30056773B /* Num11.png */,
				CDE87B89219A59B10056773B /* Num12.png */,
				CDE87B90219A59B20056773B /* Num13.png */,
				CDE87B99219A59B30056773B /* Num14.png */,
				CDE87B9B219A59B40056773B /* Num15.png */,
				CDE87B81219A59B00056773B /* Num16.png */,
				CDE87B95219A59B30056773B /* Num17.png */,
				CDE87B86219A59B10056773B /* Num18.png */,
				CDE87B94219A59B30056773B /* Num19.png */,
				CDE87B87219A59B10056773B /* Num20.png */,
				CDE87B97219A59B30056773B /* Num21.png */,
				CDE87B9E219A59B40056773B /* Num22.png */,
				CDE87B9C219A59B40056773B /* Num23.png */,
				CDE87B82219A59B00056773B /* Num24.png */,
				CDE87B8E219A59B20056773B /* Num25.png */,
				CDE87B91219A59B20056773B /* Num26.png */,
				CDE87B85219A59B00056773B /* Num27.png */,
				CDE87B83219A59B00056773B /* Num28.png */,
				CDE87B84219A59B00056773B /* Num29.png */,
				CDE87B8B219A59B10056773B /* Num30.png */,
				CDE87B8C219A59B10056773B /* Num31.png */,
				CDE87B9D219A59B40056773B /* Num32.png */,
				CDE87B7E219A59B00056773B /* Num33.png */,
				CDE87B8A219A59B10056773B /* Num34.png */,
				CDE87B98219A59B30056773B /* Num35.png */,
				CDE87B92219A59B20056773B /* Num36.png */,
			);
			path = Play1;
			sourceTree = "<group>";
		};
/* End PBXGroup section */

/* Begin PBXNativeTarget section */
		CD0E6A832196638F0083171A /* Play1 */ = {
			isa = PBXNativeTarget;
			buildConfigurationList = CD0E6A96219663900083171A /* Build configuration list for PBXNativeTarget "Play1" */;
			buildPhases = (
				CD0E6A802196638F0083171A /* Sources */,
				CD0E6A812196638F0083171A /* Frameworks */,
				CD0E6A822196638F0083171A /* Resources */,
			);
			buildRules = (
			);
			dependencies = (
			);
			name = Play1;
			productName = Play1;
			productReference = CD0E6A842196638F0083171A /* Play1.app */;
			productType = "com.apple.product-type.application";
		};
/* End PBXNativeTarget section */

/* Begin PBXProject section */
		CD0E6A7C2196638F0083171A /* Project object */ = {
			isa = PBXProject;
			attributes = {
				LastSwiftUpdateCheck = 0920;
				LastUpgradeCheck = 0920;
				ORGANIZATIONNAME = "Dung Tran";
				TargetAttributes = {
					CD0E6A832196638F0083171A = {
						CreatedOnToolsVersion = 9.2;
						ProvisioningStyle = Automatic;
					};
				};
			};
			buildConfigurationList = CD0E6A7F2196638F0083171A /* Build configuration list for PBXProject "Play1" */;
			compatibilityVersion = "Xcode 8.0";
			developmentRegion = en;
			hasScannedForEncodings = 0;
			knownRegions = (
				en,
				Base,
			);
			mainGroup = CD0E6A7B2196638F0083171A;
			productRefGroup = CD0E6A852196638F0083171A /* Products */;
			projectDirPath = "";
			projectRoot = "";
			targets = (
				CD0E6A832196638F0083171A /* Play1 */,
			);
		};
/* End PBXProject section */

/* Begin PBXResourcesBuildPhase section */
		CD0E6A822196638F0083171A /* Resources */ = {
			isa = PBXResourcesBuildPhase;
			buildActionMask = 2147483647;
			files = (
				CDE87BB5219A59B50056773B /* Num2.png in Resources */,
				CDE87BAB219A59B50056773B /* Num27.png in Resources */,
				CDE87BC3219A59B50056773B /* Num32.png in Resources */,
				CDE87BA6219A59B50056773B /* Num5.png in Resources */,
				CDE87BB3219A59B50056773B /* Num4.png in Resources */,
				CDE87BAE219A59B50056773B /* Cross.png in Resources */,
				CDE87BA7219A59B50056773B /* Num16.png in Resources */,
				CDE87BA4219A59B50056773B /* Num33.png in Resources */,
				CDE87BA5219A59B50056773B /* Num0.png in Resources */,
				CDE87BA3219A59B50056773B /* Num9.png in Resources */,
				CDE87BA0219A59B50056773B /* Num7.png in Resources */,
				CDE87BC0219A59B50056773B /* Num3.png in Resources */,
				CDE87BAC219A59B50056773B /* Num18.png in Resources */,
				CDE87BAD219A59B50056773B /* Num20.png in Resources */,
				CD0E6A92219663900083171A /* LaunchScreen.storyboard in Resources */,
				CDE87BAA219A59B50056773B /* Num29.png in Resources */,
				CDE87BB4219A59B50056773B /* Num25.png in Resources */,
				CD0E6A8F219663900083171A /* Assets.xcassets in Resources */,
				CDE87BBE219A59B50056773B /* Num35.png in Resources */,
				CDE87BBC219A59B50056773B /* Num1.png in Resources */,
				CDE87BAF219A59B50056773B /* Num12.png in Resources */,
				CDE87BA8219A59B50056773B /* Num24.png in Resources */,
				CDE87BB1219A59B50056773B /* Num30.png in Resources */,
				CDE87BC1219A59B50056773B /* Num15.png in Resources */,
				CDE87BBB219A59B50056773B /* Num17.png in Resources */,
				CDE87BB8219A59B50056773B /* Num36.png in Resources */,
				CDE87BC2219A59B50056773B /* Num23.png in Resources */,
				CDE87BB2219A59B50056773B /* Num31.png in Resources */,
				CDE87BC4219A59B50056773B /* Num22.png in Resources */,
				CDE87BA1219A59B50056773B /* Num8.png in Resources */,
				CDE87BBD219A59B50056773B /* Num21.png in Resources */,
				CDE87BBA219A59B50056773B /* Num19.png in Resources */,
				CDE87BA9219A59B50056773B /* Num28.png in Resources */,
				CDE87B9F219A59B50056773B /* Num6.png in Resources */,
				CDE87BA2219A59B50056773B /* Num10.png in Resources */,
				CDE87BBF219A59B50056773B /* Num14.png in Resources */,
				CDE87BB6219A59B50056773B /* Num13.png in Resources */,
				CD0E6A9D2197638D0083171A /* Table5.png in Resources */,
				CD0E6A8D219663900083171A /* Main.storyboard in Resources */,
				CDE87BB7219A59B50056773B /* Num26.png in Resources */,
				CDE87BB0219A59B50056773B /* Num34.png in Resources */,
				CDE87BB9219A59B50056773B /* Num11.png in Resources */,
			);
			runOnlyForDeploymentPostprocessing = 0;
		};
/* End PBXResourcesBuildPhase section */

/* Begin PBXSourcesBuildPhase section */
		CD0E6A802196638F0083171A /* Sources */ = {
			isa = PBXSourcesBuildPhase;
			buildActionMask = 2147483647;
			files = (
				CDE87BC6219A77680056773B /* mySecondViewController.swift in Sources */,
				CD0E6A8A219663900083171A /* ViewController.swift in Sources */,
				CD0E6A882196638F0083171A /* AppDelegate.swift in Sources */,
				CD0E6AF5219772A20083171A /* myTableViewCell.swift in Sources */,
			);
			runOnlyForDeploymentPostprocessing = 0;
		};
/* End PBXSourcesBuildPhase section */

/* Begin PBXVariantGroup section */
		CD0E6A8B219663900083171A /* Main.storyboard */ = {
			isa = PBXVariantGroup;
			children = (
				CD0E6A8C219663900083171A /* Base */,
			);
			name = Main.storyboard;
			sourceTree = "<group>";
		};
		CD0E6A90219663900083171A /* LaunchScreen.storyboard */ = {
			isa = PBXVariantGroup;
			children = (
				CD0E6A91219663900083171A /* Base */,
			);
			name = LaunchScreen.storyboard;
			sourceTree = "<group>";
		};
/* End PBXVariantGroup section */

/* Begin XCBuildConfiguration section */
		CD0E6A94219663900083171A /* Debug */ = {
			isa = XCBuildConfiguration;
			buildSettings = {
				ALWAYS_SEARCH_USER_PATHS = NO;
				CLANG_ANALYZER_NONNULL = YES;
				CLANG_ANALYZER_NUMBER_OBJECT_CONVERSION = YES_AGGRESSIVE;
				CLANG_CXX_LANGUAGE_STANDARD = "gnu++14";
				CLANG_CXX_LIBRARY = "libc++";
				CLANG_ENABLE_MODULES = YES;
				CLANG_ENABLE_OBJC_ARC = YES;
				CLANG_WARN_BLOCK_CAPTURE_AUTORELEASING = YES;
				CLANG_WARN_BOOL_CONVERSION = YES;
				CLANG_WARN_COMMA = YES;
				CLANG_WARN_CONSTANT_CONVERSION = YES;
				CLANG_WARN_DIRECT_OBJC_ISA_USAGE = YES_ERROR;
				CLANG_WARN_DOCUMENTATION_COMMENTS = YES;
				CLANG_WARN_EMPTY_BODY = YES;
				CLANG_WARN_ENUM_CONVERSION = YES;
				CLANG_WARN_INFINITE_RECURSION = YES;
				CLANG_WARN_INT_CONVERSION = YES;
				CLANG_WARN_NON_LITERAL_NULL_CONVERSION = YES;
				CLANG_WARN_OBJC_LITERAL_CONVERSION = YES;
				CLANG_WARN_OBJC_ROOT_CLASS = YES_ERROR;
				CLANG_WARN_RANGE_LOOP_ANALYSIS = YES;
				CLANG_WARN_STRICT_PROTOTYPES = YES;
				CLANG_WARN_SUSPICIOUS_MOVE = YES;
				CLANG_WARN_UNGUARDED_AVAILABILITY = YES_AGGRESSIVE;
				CLANG_WARN_UNREACHABLE_CODE = YES;
				CLANG_WARN__DUPLICATE_METHOD_MATCH = YES;
				CODE_SIGN_IDENTITY = "iPhone Developer";
				COPY_PHASE_STRIP = NO;
				DEBUG_INFORMATION_FORMAT = dwarf;
				ENABLE_STRICT_OBJC_MSGSEND = YES;
				ENABLE_TESTABILITY = YES;
				GCC_C_LANGUAGE_STANDARD = gnu11;
				GCC_DYNAMIC_NO_PIC = NO;
				GCC_NO_COMMON_BLOCKS = YES;
				GCC_OPTIMIZATION_LEVEL = 0;
				GCC_PREPROCESSOR_DEFINITIONS = (
					"DEBUG=1",
					"$(inherited)",
				);
				GCC_WARN_64_TO_32_BIT_CONVERSION = YES;
				GCC_WARN_ABOUT_RETURN_TYPE = YES_ERROR;
				GCC_WARN_UNDECLARED_SELECTOR = YES;
				GCC_WARN_UNINITIALIZED_AUTOS = YES_AGGRESSIVE;
				GCC_WARN_UNUSED_FUNCTION = YES;
				GCC_WARN_UNUSED_VARIABLE = YES;
				IPHONEOS_DEPLOYMENT_TARGET = 11.2;
				MTL_ENABLE_DEBUG_INFO = YES;
				ONLY_ACTIVE_ARCH = YES;
				SDKROOT = iphoneos;
				SWIFT_ACTIVE_COMPILATION_CONDITIONS = DEBUG;
				SWIFT_OPTIMIZATION_LEVEL = "-Onone";
			};
			name = Debug;
		};
		CD0E6A95219663900083171A /* Release */ = {
			isa = XCBuildConfiguration;
			buildSettings = {
				ALWAYS_SEARCH_USER_PATHS = NO;
				CLANG_ANALYZER_NONNULL = YES;
				CLANG_ANALYZER_NUMBER_OBJECT_CONVERSION = YES_AGGRESSIVE;
				CLANG_CXX_LANGUAGE_STANDARD = "gnu++14";
				CLANG_CXX_LIBRARY = "libc++";
				CLANG_ENABLE_MODULES = YES;
				CLANG_ENABLE_OBJC_ARC = YES;
				CLANG_WARN_BLOCK_CAPTURE_AUTORELEASING = YES;
				CLANG_WARN_BOOL_CONVERSION = YES;
				CLANG_WARN_COMMA = YES;
				CLANG_WARN_CONSTANT_CONVERSION = YES;
				CLANG_WARN_DIRECT_OBJC_ISA_USAGE = YES_ERROR;
				CLANG_WARN_DOCUMENTATION_COMMENTS = YES;
				CLANG_WARN_EMPTY_BODY = YES;
				CLANG_WARN_ENUM_CONVERSION = YES;
				CLANG_WARN_INFINITE_RECURSION = YES;
				CLANG_WARN_INT_CONVERSION = YES;
				CLANG_WARN_NON_LITERAL_NULL_CONVERSION = YES;
				CLANG_WARN_OBJC_LITERAL_CONVERSION = YES;
				CLANG_WARN_OBJC_ROOT_CLASS = YES_ERROR;
				CLANG_WARN_RANGE_LOOP_ANALYSIS = YES;
				CLANG_WARN_STRICT_PROTOTYPES = YES;
				CLANG_WARN_SUSPICIOUS_MOVE = YES;
				CLANG_WARN_UNGUARDED_AVAILABILITY = YES_AGGRESSIVE;
				CLANG_WARN_UNREACHABLE_CODE = YES;
				CLANG_WARN__DUPLICATE_METHOD_MATCH = YES;
				CODE_SIGN_IDENTITY = "iPhone Developer";
				COPY_PHASE_STRIP = NO;
				DEBUG_INFORMATION_FORMAT = "dwarf-with-dsym";
				ENABLE_NS_ASSERTIONS = NO;
				ENABLE_STRICT_OBJC_MSGSEND = YES;
				GCC_C_LANGUAGE_STANDARD = gnu11;
				GCC_NO_COMMON_BLOCKS = YES;
				GCC_WARN_64_TO_32_BIT_CONVERSION = YES;
				GCC_WARN_ABOUT_RETURN_TYPE = YES_ERROR;
				GCC_WARN_UNDECLARED_SELECTOR = YES;
				GCC_WARN_UNINITIALIZED_AUTOS = YES_AGGRESSIVE;
				GCC_WARN_UNUSED_FUNCTION = YES;
				GCC_WARN_UNUSED_VARIABLE = YES;
				IPHONEOS_DEPLOYMENT_TARGET = 11.2;
				MTL_ENABLE_DEBUG_INFO = NO;
				SDKROOT = iphoneos;
				SWIFT_OPTIMIZATION_LEVEL = "-Owholemodule";
				VALIDATE_PRODUCT = YES;
			};
			name = Release;
		};
		CD0E6A97219663900083171A /* Debug */ = {
			isa = XCBuildConfiguration;
			buildSettings = {
				ASSETCATALOG_COMPILER_APPICON_NAME = AppIcon;
				CODE_SIGN_STYLE = Automatic;
				DEVELOPMENT_TEAM = 443ZXYTUJ9;
				INFOPLIST_FILE = Play1/Info.plist;
				IPHONEOS_DEPLOYMENT_TARGET = 11.2;
				LD_RUNPATH_SEARCH_PATHS = "$(inherited) @executable_path/Frameworks";
				PRODUCT_BUNDLE_IDENTIFIER = com.dungtran.Play1;
				PRODUCT_NAME = "$(TARGET_NAME)";
				SWIFT_VERSION = 4.0;
				TARGETED_DEVICE_FAMILY = "1,2";
			};
			name = Debug;
		};
		CD0E6A98219663900083171A /* Release */ = {
			isa = XCBuildConfiguration;
			buildSettings = {
				ASSETCATALOG_COMPILER_APPICON_NAME = AppIcon;
				CODE_SIGN_STYLE = Automatic;
				DEVELOPMENT_TEAM = 443ZXYTUJ9;
				INFOPLIST_FILE = Play1/Info.plist;
				IPHONEOS_DEPLOYMENT_TARGET = 11.2;
				LD_RUNPATH_SEARCH_PATHS = "$(inherited) @executable_path/Frameworks";
				PRODUCT_BUNDLE_IDENTIFIER = com.dungtran.Play1;
				PRODUCT_NAME = "$(TARGET_NAME)";
				SWIFT_VERSION = 4.0;
				TARGETED_DEVICE_FAMILY = "1,2";
			};
			name = Release;
		};
/* End XCBuildConfiguration section */

/* Begin XCConfigurationList section */
		CD0E6A7F2196638F0083171A /* Build configuration list for PBXProject "Play1" */ = {
			isa = XCConfigurationList;
			buildConfigurations = (
				CD0E6A94219663900083171A /* Debug */,
				CD0E6A95219663900083171A /* Release */,
			);
			defaultConfigurationIsVisible = 0;
			defaultConfigurationName = Release;
		};
		CD0E6A96219663900083171A /* Build configuration list for PBXNativeTarget "Play1" */ = {
			isa = XCConfigurationList;
			buildConfigurations = (
				CD0E6A97219663900083171A /* Debug */,
				CD0E6A98219663900083171A /* Release */,
			);
			defaultConfigurationIsVisible = 0;
			defaultConfigurationName = Release;
		};
/* End XCConfigurationList section */
	};
	rootObject = CD0E6A7C2196638F0083171A /* Project object */;
}
